
Microsoft Visual Studio Solution File, Format Version 12.00
# Visual Studio Version 17
VisualStudioVersion = 17.8.34316.72
MinimumVisualStudioVersion = 10.0.40219.1
Project("{9A19103F-16F7-4668-BE54-9A1E7A4F7556}") = "ClassLibraryEnt", "ClassLibraryEnt\ClassLibraryEnt.csproj", "{B600E212-2A3E-4EF8-875F-D8C87BD5B803}"
EndProject
Project("{9A19103F-16F7-4668-BE54-9A1E7A4F7556}") = "ClassLibraryDAL", "ClassLibraryDAL\ClassLibraryDAL.csproj", "{EA4C3D59-DC05-47A2-935C-C49EC1617206}"
EndProject
Project("{9A19103F-16F7-4668-BE54-9A1E7A4F7556}") = "Pharmacy", "Pharmacy\Pharmacy.csproj", "{BEA2E97E-1A1D-407E-8323-56825D9D698B}"
EndProject
Global
	GlobalSection(SolutionConfigurationPlatforms) = preSolution
		Debug|Any CPU = Debug|Any CPU
		Release|Any CPU = Release|Any CPU
	EndGlobalSection
	GlobalSection(ProjectConfigurationPlatforms) = postSolution
		{B600E212-2A3E-4EF8-875F-D8C87BD5B803}.Debug|Any CPU.ActiveCfg = Debug|Any CPU
		{B600E212-2A3E-4EF8-875F-D8C87BD5B803}.Debug|Any CPU.Build.0 = Debug|Any CPU
		{B600E212-2A3E-4EF8-875F-D8C87BD5B803}.Release|Any CPU.ActiveCfg = Release|Any CPU
		{B600E212-2A3E-4EF8-875F-D8C87BD5B803}.Release|Any CPU.Build.0 = Release|Any CPU
		{EA4C3D59-DC05-47A2-935C-C49EC1617206}.Debug|Any CPU.ActiveCfg = Debug|Any CPU
		{EA4C3D59-DC05-47A2-935C-C49EC1617206}.Debug|Any CPU.Build.0 = Debug|Any CPU
		{EA4C3D59-DC05-47A2-935C-C49EC1617206}.Release|Any CPU.ActiveCfg = Release|Any CPU
		{EA4C3D59-DC05-47A2-935C-C49EC1617206}.Release|Any CPU.Build.0 = Release|Any CPU
		{BEA2E97E-1A1D-407E-8323-56825D9D698B}.Debug|Any CPU.ActiveCfg = Debug|Any CPU
		{BEA2E97E-1A1D-407E-8323-56825D9D698B}.Debug|Any CPU.Build.0 = Debug|Any CPU
		{BEA2E97E-1A1D-407E-8323-56825D9D698B}.Release|Any CPU.ActiveCfg = Release|Any CPU
		{BEA2E97E-1A1D-407E-8323-56825D9D698B}.Release|Any CPU.Build.0 = Release|Any CPU
	EndGlobalSection
	GlobalSection(SolutionProperties) = preSolution
		HideSolutionNode = FALSE
	EndGlobalSection
	GlobalSection(ExtensibilityGlobals) = postSolution
		SolutionGuid = {E7096164-5FE3-4E16-B76B-C895EAC206BA}
	EndGlobalSection
EndGlobal
